github.com/wuc656/govaluate v1.10.4 h1:6u0+nBrudKJQ2XxgJ42Sqi6gpOSusA98/CAjPOfLJZk=
github.com/wuc656/govaluate v1.10.4/go.mod h1:jcwYuPiMg3t2sHrJcby3u5yECWSB7VBSV2CtKf4NnHY=
github.com/wuc656/resize v0.0.4 h1:HYfyP7jpGhjS+Xn7+0HtyeAmU3E/vEGLKoZ2Yvaum84=
github.com/wuc656/resize v0.0.4/go.mod h1:fbyehsaQ+aTa8c21UmF3RwgYJWBjD0Cnkz+Q1APsnGk=
github.com/wuc656/win v0.0.9 h1:ozpOtN93AuW4UUYIUi8D3HxiXnZNy1g8wE6gIHftOlE=
github.com/wuc656/win v0.0.9/go.mod h1:whQm50w/Rnn/BA3Y4kuAonHn+f0PGFyk2tTiqBSavC0=
github.com/wuc656/wingoes v0.0.10 h1:WU3lCsZGACplcnKvu5FcjllBW8EBy6h+6m0SptBK9Iw=
github.com/wuc656/wingoes v0.0.10/go.mod h1:fttdiMJ2yo/gQWWPLCih6khUDzpZV4wF6mM7E+l24fk=
github.com/wuc656/winres v0.3.5 h1:Li+rwR4+UbZOL/jWKL7Q9mVxWPUYnNuQHrNKT2a9fWc=
github.com/wuc656/winres v0.3.5/go.mod h1:wjXjr52ujByGLHr3+ufwU8m9UdR4vSyUipBC0qz9Gik=
golang.org/x/exp v0.0.0-20260410095643-746e56fc9e2f h1:W3F4c+6OLc6H2lb//N1q4WpJkhzJCK5J6kUi1NTVXfM=
golang.org/x/exp v0.0.0-20260410095643-746e56fc9e2f/go.mod h1:J1xhfL/vlindoeF/aINzNzt2Bket5bjo9sdOYzOsU80=
golang.org/x/image v0.39.0 h1:skVYidAEVKgn8lZ602XO75asgXBgLj9G/FE3RbuPFww=
golang.org/x/image v0.39.0/go.mod h1:sIbmppfU+xFLPIG0FoVUTvyBMmgng1/XAMhQ2ft0hpA=
golang.org/x/sys v0.43.0 h1:Rlag2XtaFTxp19wS8MXlJwTvoh8ArU6ezoyFsMyCTNI=
golang.org/x/sys v0.43.0/go.mod h1:4GL1E5IUh+htKOUEOaiffhrAeqysfVGipDYzABqnCmw=
