github.com/wuc656/govaluate v1.10.2 h1:n5pAPLuBeqnVduPw/NVZ1e467aQcj0G79C5Yh76Vx7M=
github.com/wuc656/govaluate v1.10.2/go.mod h1:0RSDk5mY9tB1Kv7GO7VH94zIzZ8Aw5eBjcz7e4qit2w=
github.com/wuc656/resize v0.0.2 h1:h/H+uY2QLX6WJU+/YTgyvsz75SpOOSgNslZcpKjiYlg=
github.com/wuc656/resize v0.0.2/go.mod h1:fbyehsaQ+aTa8c21UmF3RwgYJWBjD0Cnkz+Q1APsnGk=
github.com/wuc656/win v0.0.6 h1:E7J4nW2SFkPQMYK/7ByYy2P6zJHwhKhkQ5rwTM+yO2w=
github.com/wuc656/win v0.0.6/go.mod h1:FvmZYmZIJe42nMFNwhoUte1EYPBTrwV9uOv1OlYOMww=
github.com/wuc656/wingoes v0.0.7 h1:fbylfU9+hq9pH2OoCqvBL4h737BpBtqlJJRNeFXfrlk=
github.com/wuc656/wingoes v0.0.7/go.mod h1:H++nO5cwNT6xjwgQ7EREg243fD/UkQE3DkZWVvMPJ/Q=
github.com/wuc656/winres v0.3.3 h1:Bh4fBVUAzrexDVMj0f/2a3vbwuf9xH1B/zAAeHVh5EY=
github.com/wuc656/winres v0.3.3/go.mod h1:FawFdGCZP+b6eA1rmZ/I43dcL8yhvUtq6yxb+hIuRXg=
golang.org/x/exp v0.0.0-20260218203240-3dfff04db8fa h1:Zt3DZoOFFYkKhDT3v7Lm9FDMEV06GpzjG2jrqW+QTE0=
golang.org/x/exp v0.0.0-20260218203240-3dfff04db8fa/go.mod h1:K79w1Vqn7PoiZn+TkNpx3BUWUQksGO3JcVX6qIjytmA=
golang.org/x/image v0.36.0 h1:Iknbfm1afbgtwPTmHnS2gTM/6PPZfH+z2EFuOkSbqwc=
golang.org/x/image v0.36.0/go.mod h1:YsWD2TyyGKiIX1kZlu9QfKIsQ4nAAK9bdgdrIsE7xy4=
golang.org/x/sys v0.42.0 h1:omrd2nAlyT5ESRdCLYdm3+fMfNFE/+Rf4bDIQImRJeo=
golang.org/x/sys v0.42.0/go.mod h1:4GL1E5IUh+htKOUEOaiffhrAeqysfVGipDYzABqnCmw=
