github.com/wuc656/govaluate v1.10.4 h1:6u0+nBrudKJQ2XxgJ42Sqi6gpOSusA98/CAjPOfLJZk=
github.com/wuc656/govaluate v1.10.4/go.mod h1:jcwYuPiMg3t2sHrJcby3u5yECWSB7VBSV2CtKf4NnHY=
github.com/wuc656/resize v0.0.4 h1:HYfyP7jpGhjS+Xn7+0HtyeAmU3E/vEGLKoZ2Yvaum84=
github.com/wuc656/resize v0.0.4/go.mod h1:fbyehsaQ+aTa8c21UmF3RwgYJWBjD0Cnkz+Q1APsnGk=
github.com/wuc656/win v0.0.10 h1:5rucgXZNDN/uU7IPKpWHjjbFsXie98itbzgJIspxzqA=
github.com/wuc656/win v0.0.10/go.mod h1:9sXfjwCKv35H7IU7CZslM7zcrj6rffZESLxeDM9Asd8=
github.com/wuc656/wingoes v0.0.11 h1:fwF0R/mKRBS1DpDmQWyAXRphjhitTc4zdBwTj2QVvds=
github.com/wuc656/wingoes v0.0.11/go.mod h1:O+KWzmM4VTRd7/iPSoz5MSgTCueP8afM9KrG4S8yuB4=
github.com/wuc656/winres v0.3.6 h1:VB6zJmpIEoJpKcaVm18MwIH3SAx6WP9X2WR87B/VRlk=
github.com/wuc656/winres v0.3.6/go.mod h1:w1n3I/WK39vGDPyP94b2C5HGaeRrNwJgycrwMpwifzw=
golang.org/x/exp v0.0.0-20260611194520-c48552f49976 h1:X8Hz2ImujgbmetVuW+w2YkyZChE3cBpZi2P158rTG9M=
golang.org/x/exp v0.0.0-20260611194520-c48552f49976/go.mod h1:vnf4pv9iKZXY58sQE1L86zmNWJ4159e1RkcWiLCkeEY=
golang.org/x/image v0.43.0 h1:FLxcP4ec2350nTfOC8ysKtqYSIFbk/QGjw1ZHNP4tsY=
golang.org/x/image v0.43.0/go.mod h1:rrpelvGFt+kLPAjPM4HeWPgrl0FtafueU//e5N0qk/Q=
golang.org/x/sys v0.46.0 h1:noSf2Fq6F8DBgS+LysIkx7rIExoNHJsxOAtPp4rthXw=
golang.org/x/sys v0.46.0/go.mod h1:4GL1E5IUh+htKOUEOaiffhrAeqysfVGipDYzABqnCmw=
